github.com/j0hax/combinatorics v0.0.0-20241221232111-948e512659c9 h1:ICbMjqM1zGFbPKDoogS6IoI8J5h3bew3n+FQ7W7Kq6A=
github.com/j0hax/combinatorics v0.0.0-20241221232111-948e512659c9/go.mod h1:Fx4/+ufE5r9+TUTyI6pOUNK0LAzCvRba2+d9P5b7si8=
github.com/j0hax/combinatorics v0.0.0-20241221232746-6e76b0783d2a h1:xh7otyE+JoISe/oxXlteK6gWdiiWrl9GacNjVfgmhtk=
github.com/j0hax/combinatorics v0.0.0-20241221232746-6e76b0783d2a/go.mod h1:Fx4/+ufE5r9+TUTyI6pOUNK0LAzCvRba2+d9P5b7si8=
